
Microsoft Visual Studio Solution File, Format Version 12.00
# Visual Studio 2013
VisualStudioVersion = 12.0.40302.0
MinimumVisualStudioVersion = 10.0.40219.1
Project("{8BC9CEB8-8B4A-11D0-8D11-00A0C91BC942}") = "MitchEngine", "MitchEngine\MitchEngine.vcxproj", "{B59852CE-42D7-4E06-9475-AA0A63888657}"
EndProject
Project("{8BC9CEB8-8B4A-11D0-8D11-00A0C91BC942}") = "BitBuster", "BitBuster\BitBuster.vcxproj", "{DDEBFA85-3399-42C0-BC69-0DB0262DA5E8}"
	ProjectSection(ProjectDependencies) = postProject
		{B59852CE-42D7-4E06-9475-AA0A63888657} = {B59852CE-42D7-4E06-9475-AA0A63888657}
	EndProjectSection
EndProject
Global
	GlobalSection(SolutionConfigurationPlatforms) = preSolution
		Debug|Win32 = Debug|Win32
		Release|Win32 = Release|Win32
	EndGlobalSection
	GlobalSection(ProjectConfigurationPlatforms) = postSolution
		{B59852CE-42D7-4E06-9475-AA0A63888657}.Debug|Win32.ActiveCfg = Debug|Win32
		{B59852CE-42D7-4E06-9475-AA0A63888657}.Debug|Win32.Build.0 = Debug|Win32
		{B59852CE-42D7-4E06-9475-AA0A63888657}.Release|Win32.ActiveCfg = Release|Win32
		{B59852CE-42D7-4E06-9475-AA0A63888657}.Release|Win32.Build.0 = Release|Win32
		{DDEBFA85-3399-42C0-BC69-0DB0262DA5E8}.Debug|Win32.ActiveCfg = Debug|Win32
		{DDEBFA85-3399-42C0-BC69-0DB0262DA5E8}.Debug|Win32.Build.0 = Debug|Win32
		{DDEBFA85-3399-42C0-BC69-0DB0262DA5E8}.Release|Win32.ActiveCfg = Release|Win32
		{DDEBFA85-3399-42C0-BC69-0DB0262DA5E8}.Release|Win32.Build.0 = Release|Win32
	EndGlobalSection
	GlobalSection(SolutionProperties) = preSolution
		HideSolutionNode = FALSE
	EndGlobalSection
EndGlobal
