<?xml version="1.0" encoding="utf-8"?>
<Project ToolsVersion="4.0" xmlns="http://schemas.microsoft.com/developer/msbuild/2003">
  <ItemGroup>
    <Filter Include="Source Files">
      <UniqueIdentifier>{4FC737F1-C7A5-4376-A066-2A32D752A2FF}</UniqueIdentifier>
      <Extensions>cpp;c;cc;cxx;def;odl;idl;hpj;bat;asm;asmx</Extensions>
    </Filter>
    <Filter Include="Header Files">
      <UniqueIdentifier>{93995380-89BD-4b04-88EB-625FBE52EBFB}</UniqueIdentifier>
      <Extensions>h;hh;hpp;hxx;hm;inl;inc;xsd</Extensions>
    </Filter>
    <Filter Include="Resource Files">
      <UniqueIdentifier>{67DA6AB6-F800-4c08-8B7A-83BB121AAD01}</UniqueIdentifier>
      <Extensions>rc;ico;cur;bmp;dlg;rc2;rct;bin;rgs;gif;jpg;jpeg;jpe;resx;tiff;tif;png;wav;mfcribbon-ms</Extensions>
    </Filter>
    <Filter Include="Source Files\Core">
      <UniqueIdentifier>{142a2158-baa9-4c9d-a4fc-e3957b790341}</UniqueIdentifier>
    </Filter>
    <Filter Include="Source Files\Utility">
      <UniqueIdentifier>{ef829835-5348-4582-942d-c6510799f4a1}</UniqueIdentifier>
    </Filter>
    <Filter Include="Header Files\Core">
      <UniqueIdentifier>{c4baae43-984a-4395-8eed-12ce1983829f}</UniqueIdentifier>
    </Filter>
    <Filter Include="Header Files\Utility">
      <UniqueIdentifier>{5b254006-08f1-400b-96e0-4b7ca3230b54}</UniqueIdentifier>
    </Filter>
  </ItemGroup>
  <ItemGroup>
    <ClCompile Include="MitchEngine.cpp">
      <Filter>Source Files</Filter>
    </ClCompile>
    <ClCompile Include="Core.cpp">
      <Filter>Source Files</Filter>
    </ClCompile>
    <ClCompile Include="Entity.cpp">
      <Filter>Source Files</Filter>
    </ClCompile>
    <ClCompile Include="Component.cpp">
      <Filter>Source Files</Filter>
    </ClCompile>
    <ClCompile Include="Engine.cpp">
      <Filter>Source Files</Filter>
    </ClCompile>
    <ClCompile Include="Renderer.cpp">
      <Filter>Source Files</Filter>
    </ClCompile>
    <ClCompile Include="Transform.cpp">
      <Filter>Source Files</Filter>
    </ClCompile>
    <ClCompile Include="Logger.cpp">
      <Filter>Source Files\Utility</Filter>
    </ClCompile>
  </ItemGroup>
  <ItemGroup>
    <ClInclude Include="Core.h">
      <Filter>Header Files</Filter>
    </ClInclude>
    <ClInclude Include="Entity.h">
      <Filter>Header Files</Filter>
    </ClInclude>
    <ClInclude Include="Component.h">
      <Filter>Header Files</Filter>
    </ClInclude>
    <ClInclude Include="Engine.h">
      <Filter>Header Files</Filter>
    </ClInclude>
    <ClInclude Include="Renderer.h">
      <Filter>Header Files</Filter>
    </ClInclude>
    <ClInclude Include="Transform.h">
      <Filter>Header Files</Filter>
    </ClInclude>
    <ClInclude Include="Logger.h">
      <Filter>Header Files\Utility</Filter>
    </ClInclude>
  </ItemGroup>
</Project>